
Microsoft Visual Studio Solution File, Format Version 12.00
# Visual Studio Version 16
VisualStudioVersion = 16.0.31702.278
MinimumVisualStudioVersion = 10.0.40219.1
Project("{FAE04EC0-301F-11D3-BF4B-00C04F79EFBC}") = "AppBackend", "AppBackend\AppBackend.csproj", "{9ACACE19-D144-448B-826C-1D4288D246B1}"
EndProject
Global
	GlobalSection(SolutionConfigurationPlatforms) = preSolution
		Debug|Any CPU = Debug|Any CPU
		Release|Any CPU = Release|Any CPU
	EndGlobalSection
	GlobalSection(ProjectConfigurationPlatforms) = postSolution
		{9ACACE19-D144-448B-826C-1D4288D246B1}.Debug|Any CPU.ActiveCfg = Debug|Any CPU
		{9ACACE19-D144-448B-826C-1D4288D246B1}.Debug|Any CPU.Build.0 = Debug|Any CPU
		{9ACACE19-D144-448B-826C-1D4288D246B1}.Release|Any CPU.ActiveCfg = Release|Any CPU
		{9ACACE19-D144-448B-826C-1D4288D246B1}.Release|Any CPU.Build.0 = Release|Any CPU
	EndGlobalSection
	GlobalSection(SolutionProperties) = preSolution
		HideSolutionNode = FALSE
	EndGlobalSection
	GlobalSection(ExtensibilityGlobals) = postSolution
		SolutionGuid = {3269142E-48FC-4F09-B564-6B89D6D60226}
	EndGlobalSection
EndGlobal
